
Microsoft Visual Studio Solution File, Format Version 12.00
# Visual Studio Version 17
VisualStudioVersion = 17.7.34031.279
MinimumVisualStudioVersion = 10.0.40219.1
Project("{FAE04EC0-301F-11D3-BF4B-00C04F79EFBC}") = "lab10_prob04", "lab10_prob04.csproj", "{D8065DB8-663A-448B-B002-CD1D31400E3B}"
EndProject
Global
	GlobalSection(SolutionConfigurationPlatforms) = preSolution
		Debug|Any CPU = Debug|Any CPU
		Release|Any CPU = Release|Any CPU
	EndGlobalSection
	GlobalSection(ProjectConfigurationPlatforms) = postSolution
		{D8065DB8-663A-448B-B002-CD1D31400E3B}.Debug|Any CPU.ActiveCfg = Debug|Any CPU
		{D8065DB8-663A-448B-B002-CD1D31400E3B}.Debug|Any CPU.Build.0 = Debug|Any CPU
		{D8065DB8-663A-448B-B002-CD1D31400E3B}.Release|Any CPU.ActiveCfg = Release|Any CPU
		{D8065DB8-663A-448B-B002-CD1D31400E3B}.Release|Any CPU.Build.0 = Release|Any CPU
	EndGlobalSection
	GlobalSection(SolutionProperties) = preSolution
		HideSolutionNode = FALSE
	EndGlobalSection
	GlobalSection(ExtensibilityGlobals) = postSolution
		SolutionGuid = {64A11373-DE49-4EC1-9235-3B79E1741F6D}
	EndGlobalSection
EndGlobal
